// !$*UTF8*$!
{
	archiveVersion = 1;
	classes = {
	};
	objectVersion = 50;
	objects = {

/* Begin PBXBuildFile section */
		C4D0DAFB2706C9CD00747AB2 /* AppDelegate.swift in Sources */ = {isa = PBXBuildFile; fileRef = C4D0DAFA2706C9CD00747AB2 /* AppDelegate.swift */; };
		C4D0DAFD2706C9CD00747AB2 /* SceneDelegate.swift in Sources */ = {isa = PBXBuildFile; fileRef = C4D0DAFC2706C9CD00747AB2 /* SceneDelegate.swift */; };
		C4D0DAFF2706C9CD00747AB2 /* ViewController.swift in Sources */ = {isa = PBXBuildFile; fileRef = C4D0DAFE2706C9CD00747AB2 /* ViewController.swift */; };
		C4D0DB022706C9CD00747AB2 /* Main.storyboard in Resources */ = {isa = PBXBuildFile; fileRef = C4D0DB002706C9CD00747AB2 /* Main.storyboard */; };
		C4D0DB042706C9CE00747AB2 /* Assets.xcassets in Resources */ = {isa = PBXBuildFile; fileRef = C4D0DB032706C9CE00747AB2 /* Assets.xcassets */; };
		C4D0DB072706C9CE00747AB2 /* LaunchScreen.storyboard in Resources */ = {isa = PBXBuildFile; fileRef = C4D0DB052706C9CE00747AB2 /* LaunchScreen.storyboard */; };
		C4D0DB112706CA6700747AB2 /* UserSearchViewCell.swift in Sources */ = {isa = PBXBuildFile; fileRef = C4D0DB102706CA6700747AB2 /* UserSearchViewCell.swift */; };
		C4D0DB152706CAA200747AB2 /* Model.swift in Sources */ = {isa = PBXBuildFile; fileRef = C4D0DB142706CAA200747AB2 /* Model.swift */; };
		C4D0DB192706CAFC00747AB2 /* Network.swift in Sources */ = {isa = PBXBuildFile; fileRef = C4D0DB182706CAFC00747AB2 /* Network.swift */; };
		C4D0DB1E2706CB6400747AB2 /* UserDetailsViewCell.swift in Sources */ = {isa = PBXBuildFile; fileRef = C4D0DB1D2706CB6400747AB2 /* UserDetailsViewCell.swift */; };
		C4D0DB222706CB8200747AB2 /* UserDetailsViewController.swift in Sources */ = {isa = PBXBuildFile; fileRef = C4D0DB212706CB8200747AB2 /* UserDetailsViewController.swift */; };
/* End PBXBuildFile section */

/* Begin PBXFileReference section */
		C4D0DAF72706C9CD00747AB2 /* CodeTestVeeruTmobile.app */ = {isa = PBXFileReference; explicitFileType = wrapper.application; includeInIndex = 0; path = CodeTestVeeruTmobile.app; sourceTree = BUILT_PRODUCTS_DIR; };
		C4D0DAFA2706C9CD00747AB2 /* AppDelegate.swift */ = {isa = PBXFileReference; lastKnownFileType = sourcecode.swift; path = AppDelegate.swift; sourceTree = "<group>"; };
		C4D0DAFC2706C9CD00747AB2 /* SceneDelegate.swift */ = {isa = PBXFileReference; lastKnownFileType = sourcecode.swift; path = SceneDelegate.swift; sourceTree = "<group>"; };
		C4D0DAFE2706C9CD00747AB2 /* ViewController.swift */ = {isa = PBXFileReference; lastKnownFileType = sourcecode.swift; path = ViewController.swift; sourceTree = "<group>"; };
		C4D0DB012706C9CD00747AB2 /* Base */ = {isa = PBXFileReference; lastKnownFileType = file.storyboard; name = Base; path = Base.lproj/Main.storyboard; sourceTree = "<group>"; };
		C4D0DB032706C9CE00747AB2 /* Assets.xcassets */ = {isa = PBXFileReference; lastKnownFileType = folder.assetcatalog; path = Assets.xcassets; sourceTree = "<group>"; };
		C4D0DB062706C9CE00747AB2 /* Base */ = {isa = PBXFileReference; lastKnownFileType = file.storyboard; name = Base; path = Base.lproj/LaunchScreen.storyboard; sourceTree = "<group>"; };
		C4D0DB082706C9CE00747AB2 /* Info.plist */ = {isa = PBXFileReference; lastKnownFileType = text.plist.xml; path = Info.plist; sourceTree = "<group>"; };
		C4D0DB102706CA6700747AB2 /* UserSearchViewCell.swift */ = {isa = PBXFileReference; lastKnownFileType = sourcecode.swift; path = UserSearchViewCell.swift; sourceTree = "<group>"; };
		C4D0DB142706CAA200747AB2 /* Model.swift */ = {isa = PBXFileReference; lastKnownFileType = sourcecode.swift; path = Model.swift; sourceTree = "<group>"; };
		C4D0DB182706CAFC00747AB2 /* Network.swift */ = {isa = PBXFileReference; lastKnownFileType = sourcecode.swift; path = Network.swift; sourceTree = "<group>"; };
		C4D0DB1D2706CB6400747AB2 /* UserDetailsViewCell.swift */ = {isa = PBXFileReference; lastKnownFileType = sourcecode.swift; path = UserDetailsViewCell.swift; sourceTree = "<group>"; };
		C4D0DB212706CB8200747AB2 /* UserDetailsViewController.swift */ = {isa = PBXFileReference; lastKnownFileType = sourcecode.swift; path = UserDetailsViewController.swift; sourceTree = "<group>"; };
/* End PBXFileReference section */

/* Begin PBXFrameworksBuildPhase section */
		C4D0DAF42706C9CD00747AB2 /* Frameworks */ = {
			isa = PBXFrameworksBuildPhase;
			buildActionMask = 2147483647;
			files = (
			);
			runOnlyForDeploymentPostprocessing = 0;
		};
/* End PBXFrameworksBuildPhase section */

/* Begin PBXGroup section */
		C4D0DAEE2706C9CD00747AB2 = {
			isa = PBXGroup;
			children = (
				C4D0DAF92706C9CD00747AB2 /* CodeTestVeeruTmobile */,
				C4D0DAF82706C9CD00747AB2 /* Products */,
			);
			sourceTree = "<group>";
		};
		C4D0DAF82706C9CD00747AB2 /* Products */ = {
			isa = PBXGroup;
			children = (
				C4D0DAF72706C9CD00747AB2 /* CodeTestVeeruTmobile.app */,
			);
			name = Products;
			sourceTree = "<group>";
		};
		C4D0DAF92706C9CD00747AB2 /* CodeTestVeeruTmobile */ = {
			isa = PBXGroup;
			children = (
				C4D0DAFA2706C9CD00747AB2 /* AppDelegate.swift */,
				C4D0DAFC2706C9CD00747AB2 /* SceneDelegate.swift */,
				C4D0DB0F2706CA1700747AB2 /* Search */,
				C4D0DB1C2706CB4200747AB2 /* Details */,
				C4D0DB172706CAEE00747AB2 /* Network */,
				C4D0DB242706CBDB00747AB2 /* Model */,
				C4D0DB002706C9CD00747AB2 /* Main.storyboard */,
				C4D0DB032706C9CE00747AB2 /* Assets.xcassets */,
				C4D0DB052706C9CE00747AB2 /* LaunchScreen.storyboard */,
				C4D0DB082706C9CE00747AB2 /* Info.plist */,
			);
			path = CodeTestVeeruTmobile;
			sourceTree = "<group>";
		};
		C4D0DB0F2706CA1700747AB2 /* Search */ = {
			isa = PBXGroup;
			children = (
				C4D0DAFE2706C9CD00747AB2 /* ViewController.swift */,
				C4D0DB102706CA6700747AB2 /* UserSearchViewCell.swift */,
			);
			path = Search;
			sourceTree = "<group>";
		};
		C4D0DB172706CAEE00747AB2 /* Network */ = {
			isa = PBXGroup;
			children = (
				C4D0DB182706CAFC00747AB2 /* Network.swift */,
			);
			path = Network;
			sourceTree = "<group>";
		};
		C4D0DB1C2706CB4200747AB2 /* Details */ = {
			isa = PBXGroup;
			children = (
				C4D0DB1D2706CB6400747AB2 /* UserDetailsViewCell.swift */,
				C4D0DB212706CB8200747AB2 /* UserDetailsViewController.swift */,
			);
			path = Details;
			sourceTree = "<group>";
		};
		C4D0DB242706CBDB00747AB2 /* Model */ = {
			isa = PBXGroup;
			children = (
				C4D0DB142706CAA200747AB2 /* Model.swift */,
			);
			path = Model;
			sourceTree = "<group>";
		};
/* End PBXGroup section */

/* Begin PBXNativeTarget section */
		C4D0DAF62706C9CD00747AB2 /* CodeTestVeeruTmobile */ = {
			isa = PBXNativeTarget;
			buildConfigurationList = C4D0DB0B2706C9CE00747AB2 /* Build configuration list for PBXNativeTarget "CodeTestVeeruTmobile" */;
			buildPhases = (
				C4D0DAF32706C9CD00747AB2 /* Sources */,
				C4D0DAF42706C9CD00747AB2 /* Frameworks */,
				C4D0DAF52706C9CD00747AB2 /* Resources */,
			);
			buildRules = (
			);
			dependencies = (
			);
			name = CodeTestVeeruTmobile;
			productName = CodeTestVeeruTmobile;
			productReference = C4D0DAF72706C9CD00747AB2 /* CodeTestVeeruTmobile.app */;
			productType = "com.apple.product-type.application";
		};
/* End PBXNativeTarget section */

/* Begin PBXProject section */
		C4D0DAEF2706C9CD00747AB2 /* Project object */ = {
			isa = PBXProject;
			attributes = {
				LastSwiftUpdateCheck = 1210;
				LastUpgradeCheck = 1210;
				TargetAttributes = {
					C4D0DAF62706C9CD00747AB2 = {
						CreatedOnToolsVersion = 12.1;
					};
				};
			};
			buildConfigurationList = C4D0DAF22706C9CD00747AB2 /* Build configuration list for PBXProject "CodeTestVeeruTmobile" */;
			compatibilityVersion = "Xcode 9.3";
			developmentRegion = en;
			hasScannedForEncodings = 0;
			knownRegions = (
				en,
				Base,
			);
			mainGroup = C4D0DAEE2706C9CD00747AB2;
			productRefGroup = C4D0DAF82706C9CD00747AB2 /* Products */;
			projectDirPath = "";
			projectRoot = "";
			targets = (
				C4D0DAF62706C9CD00747AB2 /* CodeTestVeeruTmobile */,
			);
		};
/* End PBXProject section */

/* Begin PBXResourcesBuildPhase section */
		C4D0DAF52706C9CD00747AB2 /* Resources */ = {
			isa = PBXResourcesBuildPhase;
			buildActionMask = 2147483647;
			files = (
				C4D0DB072706C9CE00747AB2 /* LaunchScreen.storyboard in Resources */,
				C4D0DB042706C9CE00747AB2 /* Assets.xcassets in Resources */,
				C4D0DB022706C9CD00747AB2 /* Main.storyboard in Resources */,
			);
			runOnlyForDeploymentPostprocessing = 0;
		};
/* End PBXResourcesBuildPhase section */

/* Begin PBXSourcesBuildPhase section */
		C4D0DAF32706C9CD00747AB2 /* Sources */ = {
			isa = PBXSourcesBuildPhase;
			buildActionMask = 2147483647;
			files = (
				C4D0DB152706CAA200747AB2 /* Model.swift in Sources */,
				C4D0DAFF2706C9CD00747AB2 /* ViewController.swift in Sources */,
				C4D0DB192706CAFC00747AB2 /* Network.swift in Sources */,
				C4D0DB1E2706CB6400747AB2 /* UserDetailsViewCell.swift in Sources */,
				C4D0DAFB2706C9CD00747AB2 /* AppDelegate.swift in Sources */,
				C4D0DAFD2706C9CD00747AB2 /* SceneDelegate.swift in Sources */,
				C4D0DB222706CB8200747AB2 /* UserDetailsViewController.swift in Sources */,
				C4D0DB112706CA6700747AB2 /* UserSearchViewCell.swift in Sources */,
			);
			runOnlyForDeploymentPostprocessing = 0;
		};
/* End PBXSourcesBuildPhase section */

/* Begin PBXVariantGroup section */
		C4D0DB002706C9CD00747AB2 /* Main.storyboard */ = {
			isa = PBXVariantGroup;
			children = (
				C4D0DB012706C9CD00747AB2 /* Base */,
			);
			name = Main.storyboard;
			sourceTree = "<group>";
		};
		C4D0DB052706C9CE00747AB2 /* LaunchScreen.storyboard */ = {
			isa = PBXVariantGroup;
			children = (
				C4D0DB062706C9CE00747AB2 /* Base */,
			);
			name = LaunchScreen.storyboard;
			sourceTree = "<group>";
		};
/* End PBXVariantGroup section */

/* Begin XCBuildConfiguration section */
		C4D0DB092706C9CE00747AB2 /* Debug */ = {
			isa = XCBuildConfiguration;
			buildSettings = {
				ALWAYS_SEARCH_USER_PATHS = NO;
				CLANG_ANALYZER_NONNULL = YES;
				CLANG_ANALYZER_NUMBER_OBJECT_CONVERSION = YES_AGGRESSIVE;
				CLANG_CXX_LANGUAGE_STANDARD = "gnu++14";
				CLANG_CXX_LIBRARY = "libc++";
				CLANG_ENABLE_MODULES = YES;
				CLANG_ENABLE_OBJC_ARC = YES;
				CLANG_ENABLE_OBJC_WEAK = YES;
				CLANG_WARN_BLOCK_CAPTURE_AUTORELEASING = YES;
				CLANG_WARN_BOOL_CONVERSION = YES;
				CLANG_WARN_COMMA = YES;
				CLANG_WARN_CONSTANT_CONVERSION = YES;
				CLANG_WARN_DEPRECATED_OBJC_IMPLEMENTATIONS = YES;
				CLANG_WARN_DIRECT_OBJC_ISA_USAGE = YES_ERROR;
				CLANG_WARN_DOCUMENTATION_COMMENTS = YES;
				CLANG_WARN_EMPTY_BODY = YES;
				CLANG_WARN_ENUM_CONVERSION = YES;
				CLANG_WARN_INFINITE_RECURSION = YES;
				CLANG_WARN_INT_CONVERSION = YES;
				CLANG_WARN_NON_LITERAL_NULL_CONVERSION = YES;
				CLANG_WARN_OBJC_IMPLICIT_RETAIN_SELF = YES;
				CLANG_WARN_OBJC_LITERAL_CONVERSION = YES;
				CLANG_WARN_OBJC_ROOT_CLASS = YES_ERROR;
				CLANG_WARN_QUOTED_INCLUDE_IN_FRAMEWORK_HEADER = YES;
				CLANG_WARN_RANGE_LOOP_ANALYSIS = YES;
				CLANG_WARN_STRICT_PROTOTYPES = YES;
				CLANG_WARN_SUSPICIOUS_MOVE = YES;
				CLANG_WARN_UNGUARDED_AVAILABILITY = YES_AGGRESSIVE;
				CLANG_WARN_UNREACHABLE_CODE = YES;
				CLANG_WARN__DUPLICATE_METHOD_MATCH = YES;
				COPY_PHASE_STRIP = NO;
				DEBUG_INFORMATION_FORMAT = dwarf;
				ENABLE_STRICT_OBJC_MSGSEND = YES;
				ENABLE_TESTABILITY = YES;
				GCC_C_LANGUAGE_STANDARD = gnu11;
				GCC_DYNAMIC_NO_PIC = NO;
				GCC_NO_COMMON_BLOCKS = YES;
				GCC_OPTIMIZATION_LEVEL = 0;
				GCC_PREPROCESSOR_DEFINITIONS = (
					"DEBUG=1",
					"$(inherited)",
				);
				GCC_WARN_64_TO_32_BIT_CONVERSION = YES;
				GCC_WARN_ABOUT_RETURN_TYPE = YES_ERROR;
				GCC_WARN_UNDECLARED_SELECTOR = YES;
				GCC_WARN_UNINITIALIZED_AUTOS = YES_AGGRESSIVE;
				GCC_WARN_UNUSED_FUNCTION = YES;
				GCC_WARN_UNUSED_VARIABLE = YES;
				IPHONEOS_DEPLOYMENT_TARGET = 14.1;
				MTL_ENABLE_DEBUG_INFO = INCLUDE_SOURCE;
				MTL_FAST_MATH = YES;
				ONLY_ACTIVE_ARCH = YES;
				SDKROOT = iphoneos;
				SWIFT_ACTIVE_COMPILATION_CONDITIONS = DEBUG;
				SWIFT_OPTIMIZATION_LEVEL = "-Onone";
			};
			name = Debug;
		};
		C4D0DB0A2706C9CE00747AB2 /* Release */ = {
			isa = XCBuildConfiguration;
			buildSettings = {
				ALWAYS_SEARCH_USER_PATHS = NO;
				CLANG_ANALYZER_NONNULL = YES;
				CLANG_ANALYZER_NUMBER_OBJECT_CONVERSION = YES_AGGRESSIVE;
				CLANG_CXX_LANGUAGE_STANDARD = "gnu++14";
				CLANG_CXX_LIBRARY = "libc++";
				CLANG_ENABLE_MODULES = YES;
				CLANG_ENABLE_OBJC_ARC = YES;
				CLANG_ENABLE_OBJC_WEAK = YES;
				CLANG_WARN_BLOCK_CAPTURE_AUTORELEASING = YES;
				CLANG_WARN_BOOL_CONVERSION = YES;
				CLANG_WARN_COMMA = YES;
				CLANG_WARN_CONSTANT_CONVERSION = YES;
				CLANG_WARN_DEPRECATED_OBJC_IMPLEMENTATIONS = YES;
				CLANG_WARN_DIRECT_OBJC_ISA_USAGE = YES_ERROR;
				CLANG_WARN_DOCUMENTATION_COMMENTS = YES;
				CLANG_WARN_EMPTY_BODY = YES;
				CLANG_WARN_ENUM_CONVERSION = YES;
				CLANG_WARN_INFINITE_RECURSION = YES;
				CLANG_WARN_INT_CONVERSION = YES;
				CLANG_WARN_NON_LITERAL_NULL_CONVERSION = YES;
				CLANG_WARN_OBJC_IMPLICIT_RETAIN_SELF = YES;
				CLANG_WARN_OBJC_LITERAL_CONVERSION = YES;
				CLANG_WARN_OBJC_ROOT_CLASS = YES_ERROR;
				CLANG_WARN_QUOTED_INCLUDE_IN_FRAMEWORK_HEADER = YES;
				CLANG_WARN_RANGE_LOOP_ANALYSIS = YES;
				CLANG_WARN_STRICT_PROTOTYPES = YES;
				CLANG_WARN_SUSPICIOUS_MOVE = YES;
				CLANG_WARN_UNGUARDED_AVAILABILITY = YES_AGGRESSIVE;
				CLANG_WARN_UNREACHABLE_CODE = YES;
				CLANG_WARN__DUPLICATE_METHOD_MATCH = YES;
				COPY_PHASE_STRIP = NO;
				DEBUG_INFORMATION_FORMAT = "dwarf-with-dsym";
				ENABLE_NS_ASSERTIONS = NO;
				ENABLE_STRICT_OBJC_MSGSEND = YES;
				GCC_C_LANGUAGE_STANDARD = gnu11;
				GCC_NO_COMMON_BLOCKS = YES;
				GCC_WARN_64_TO_32_BIT_CONVERSION = YES;
				GCC_WARN_ABOUT_RETURN_TYPE = YES_ERROR;
				GCC_WARN_UNDECLARED_SELECTOR = YES;
				GCC_WARN_UNINITIALIZED_AUTOS = YES_AGGRESSIVE;
				GCC_WARN_UNUSED_FUNCTION = YES;
				GCC_WARN_UNUSED_VARIABLE = YES;
				IPHONEOS_DEPLOYMENT_TARGET = 14.1;
				MTL_ENABLE_DEBUG_INFO = NO;
				MTL_FAST_MATH = YES;
				SDKROOT = iphoneos;
				SWIFT_COMPILATION_MODE = wholemodule;
				SWIFT_OPTIMIZATION_LEVEL = "-O";
				VALIDATE_PRODUCT = YES;
			};
			name = Release;
		};
		C4D0DB0C2706C9CE00747AB2 /* Debug */ = {
			isa = XCBuildConfiguration;
			buildSettings = {
				ASSETCATALOG_COMPILER_APPICON_NAME = AppIcon;
				ASSETCATALOG_COMPILER_GLOBAL_ACCENT_COLOR_NAME = AccentColor;
				CODE_SIGN_STYLE = Automatic;
				INFOPLIST_FILE = CodeTestVeeruTmobile/Info.plist;
				LD_RUNPATH_SEARCH_PATHS = (
					"$(inherited)",
					"@executable_path/Frameworks",
				);
				PRODUCT_BUNDLE_IDENTIFIER = "Code-sample.CodeTestVeeruTmobile";
				PRODUCT_NAME = "$(TARGET_NAME)";
				SWIFT_VERSION = 5.0;
				TARGETED_DEVICE_FAMILY = "1,2";
			};
			name = Debug;
		};
		C4D0DB0D2706C9CE00747AB2 /* Release */ = {
			isa = XCBuildConfiguration;
			buildSettings = {
				ASSETCATALOG_COMPILER_APPICON_NAME = AppIcon;
				ASSETCATALOG_COMPILER_GLOBAL_ACCENT_COLOR_NAME = AccentColor;
				CODE_SIGN_STYLE = Automatic;
				INFOPLIST_FILE = CodeTestVeeruTmobile/Info.plist;
				LD_RUNPATH_SEARCH_PATHS = (
					"$(inherited)",
					"@executable_path/Frameworks",
				);
				PRODUCT_BUNDLE_IDENTIFIER = "Code-sample.CodeTestVeeruTmobile";
				PRODUCT_NAME = "$(TARGET_NAME)";
				SWIFT_VERSION = 5.0;
				TARGETED_DEVICE_FAMILY = "1,2";
			};
			name = Release;
		};
/* End XCBuildConfiguration section */

/* Begin XCConfigurationList section */
		C4D0DAF22706C9CD00747AB2 /* Build configuration list for PBXProject "CodeTestVeeruTmobile" */ = {
			isa = XCConfigurationList;
			buildConfigurations = (
				C4D0DB092706C9CE00747AB2 /* Debug */,
				C4D0DB0A2706C9CE00747AB2 /* Release */,
			);
			defaultConfigurationIsVisible = 0;
			defaultConfigurationName = Release;
		};
		C4D0DB0B2706C9CE00747AB2 /* Build configuration list for PBXNativeTarget "CodeTestVeeruTmobile" */ = {
			isa = XCConfigurationList;
			buildConfigurations = (
				C4D0DB0C2706C9CE00747AB2 /* Debug */,
				C4D0DB0D2706C9CE00747AB2 /* Release */,
			);
			defaultConfigurationIsVisible = 0;
			defaultConfigurationName = Release;
		};
/* End XCConfigurationList section */
	};
	rootObject = C4D0DAEF2706C9CD00747AB2 /* Project object */;
}
